Microsoft Visual Studio Solution File, Format Version 12.00
# Visual Studio Version 17
VisualStudioVersion = 17.5.2.0
MinimumVisualStudioVersion = 10.0.40219.1
Project("{FAE04EC0-301F-11D3-BF4B-00C04F79EFBC}") = "MIDIReader", "MIDIReader.csproj", "{3B0655CB-30FC-494C-B8F0-6DD0ADC32FF2}"
EndProject
Global
	GlobalSection(SolutionConfigurationPlatforms) = preSolution
		Debug|Any CPU = Debug|Any CPU
		Release|Any CPU = Release|Any CPU
	EndGlobalSection
	GlobalSection(ProjectConfigurationPlatforms) = postSolution
		{3B0655CB-30FC-494C-B8F0-6DD0ADC32FF2}.Debug|Any CPU.ActiveCfg = Debug|Any CPU
		{3B0655CB-30FC-494C-B8F0-6DD0ADC32FF2}.Debug|Any CPU.Build.0 = Debug|Any CPU
		{3B0655CB-30FC-494C-B8F0-6DD0ADC32FF2}.Release|Any CPU.ActiveCfg = Release|Any CPU
		{3B0655CB-30FC-494C-B8F0-6DD0ADC32FF2}.Release|Any CPU.Build.0 = Release|Any CPU
	EndGlobalSection
	GlobalSection(SolutionProperties) = preSolution
		HideSolutionNode = FALSE
	EndGlobalSection
	GlobalSection(ExtensibilityGlobals) = postSolution
		SolutionGuid = {FF155250-8DF2-450D-B3BE-15D26C7260AA}
	EndGlobalSection
EndGlobal
